
Microsoft Visual Studio Solution File, Format Version 12.00
# Visual Studio Version 16
VisualStudioVersion = 16.0.31313.79
MinimumVisualStudioVersion = 10.0.40219.1
Project("{FAE04EC0-301F-11D3-BF4B-00C04F79EFBC}") = "LoginPage", "LoginPage\LoginPage.csproj", "{47FEB04C-AF99-4BE6-8A09-44EB28F3C79D}"
EndProject
Global
	GlobalSection(SolutionConfigurationPlatforms) = preSolution
		Debug|Any CPU = Debug|Any CPU
		Release|Any CPU = Release|Any CPU
	EndGlobalSection
	GlobalSection(ProjectConfigurationPlatforms) = postSolution
		{47FEB04C-AF99-4BE6-8A09-44EB28F3C79D}.Debug|Any CPU.ActiveCfg = Debug|Any CPU
		{47FEB04C-AF99-4BE6-8A09-44EB28F3C79D}.Debug|Any CPU.Build.0 = Debug|Any CPU
		{47FEB04C-AF99-4BE6-8A09-44EB28F3C79D}.Release|Any CPU.ActiveCfg = Release|Any CPU
		{47FEB04C-AF99-4BE6-8A09-44EB28F3C79D}.Release|Any CPU.Build.0 = Release|Any CPU
	EndGlobalSection
	GlobalSection(SolutionProperties) = preSolution
		HideSolutionNode = FALSE
	EndGlobalSection
	GlobalSection(ExtensibilityGlobals) = postSolution
		SolutionGuid = {AE658E6F-7C9F-4338-BAD4-6ADF0840D5E0}
	EndGlobalSection
EndGlobal
